// !$*UTF8*$!
{
	archiveVersion = 1;
	classes = {
	};
	objectVersion = 56;
	objects = {

/* Begin PBXBuildFile section */
		4226649C16A1E094679578E6 /* Pods_Wiki_Scanner.framework in Frameworks */ = {isa = PBXBuildFile; fileRef = 6BE799F506CAD3C234D4B97C /* Pods_Wiki_Scanner.framework */; };
		F42C74882CB5E8E7005A2D25 /* AppDelegate.swift in Sources */ = {isa = PBXBuildFile; fileRef = F42C74872CB5E8E7005A2D25 /* AppDelegate.swift */; };
		F42C748A2CB5E8E7005A2D25 /* SceneDelegate.swift in Sources */ = {isa = PBXBuildFile; fileRef = F42C74892CB5E8E7005A2D25 /* SceneDelegate.swift */; };
		F42C748C2CB5E8E7005A2D25 /* WikiViewController.swift in Sources */ = {isa = PBXBuildFile; fileRef = F42C748B2CB5E8E7005A2D25 /* WikiViewController.swift */; };
		F42C74912CB5E8E8005A2D25 /* Assets.xcassets in Resources */ = {isa = PBXBuildFile; fileRef = F42C74902CB5E8E8005A2D25 /* Assets.xcassets */; };
		F42C74942CB5E8E8005A2D25 /* Base in Resources */ = {isa = PBXBuildFile; fileRef = F42C74932CB5E8E8005A2D25 /* Base */; };
		F42C74A52CB6A65E005A2D25 /* WikiNetworkManager.swift in Sources */ = {isa = PBXBuildFile; fileRef = F42C74A42CB6A65E005A2D25 /* WikiNetworkManager.swift */; };
		F42C74AA2CB6A73F005A2D25 /* Wiki.swift in Sources */ = {isa = PBXBuildFile; fileRef = F42C74A92CB6A73F005A2D25 /* Wiki.swift */; };
		F42C74AC2CB6AA3E005A2D25 /* WikiRequest.swift in Sources */ = {isa = PBXBuildFile; fileRef = F42C74AB2CB6AA3E005A2D25 /* WikiRequest.swift */; };
		F42C74AE2CB6AAD8005A2D25 /* WikiEndpoint.swift in Sources */ = {isa = PBXBuildFile; fileRef = F42C74AD2CB6AAD8005A2D25 /* WikiEndpoint.swift */; };
		F42C74B02CB6B6F0005A2D25 /* WikiViewModel.swift in Sources */ = {isa = PBXBuildFile; fileRef = F42C74AF2CB6B6F0005A2D25 /* WikiViewModel.swift */; };
		F42C74B22CB6B75C005A2D25 /* WikiType.swift in Sources */ = {isa = PBXBuildFile; fileRef = F42C74B12CB6B75C005A2D25 /* WikiType.swift */; };
		F42C74B62CB6CE23005A2D25 /* WikiLinkCell.swift in Sources */ = {isa = PBXBuildFile; fileRef = F42C74B52CB6CE23005A2D25 /* WikiLinkCell.swift */; };
/* End PBXBuildFile section */

/* Begin PBXFileReference section */
		09DE39207C0ECC0997D6C5F8 /* Pods-Wiki_Scanner.release.xcconfig */ = {isa = PBXFileReference; includeInIndex = 1; lastKnownFileType = text.xcconfig; name = "Pods-Wiki_Scanner.release.xcconfig"; path = "Target Support Files/Pods-Wiki_Scanner/Pods-Wiki_Scanner.release.xcconfig"; sourceTree = "<group>"; };
		6BE799F506CAD3C234D4B97C /* Pods_Wiki_Scanner.framework */ = {isa = PBXFileReference; explicitFileType = wrapper.framework; includeInIndex = 0; path = Pods_Wiki_Scanner.framework; sourceTree = BUILT_PRODUCTS_DIR; };
		7B7DC70090F060A8F6F74A59 /* Pods-Wiki_Scanner.debug.xcconfig */ = {isa = PBXFileReference; includeInIndex = 1; lastKnownFileType = text.xcconfig; name = "Pods-Wiki_Scanner.debug.xcconfig"; path = "Target Support Files/Pods-Wiki_Scanner/Pods-Wiki_Scanner.debug.xcconfig"; sourceTree = "<group>"; };
		F42C74842CB5E8E7005A2D25 /* Wiki_Scanner.app */ = {isa = PBXFileReference; explicitFileType = wrapper.application; includeInIndex = 0; path = Wiki_Scanner.app; sourceTree = BUILT_PRODUCTS_DIR; };
		F42C74872CB5E8E7005A2D25 /* AppDelegate.swift */ = {isa = PBXFileReference; lastKnownFileType = sourcecode.swift; path = AppDelegate.swift; sourceTree = "<group>"; };
		F42C74892CB5E8E7005A2D25 /* SceneDelegate.swift */ = {isa = PBXFileReference; lastKnownFileType = sourcecode.swift; path = SceneDelegate.swift; sourceTree = "<group>"; };
		F42C748B2CB5E8E7005A2D25 /* WikiViewController.swift */ = {isa = PBXFileReference; lastKnownFileType = sourcecode.swift; path = WikiViewController.swift; sourceTree = "<group>"; };
		F42C74902CB5E8E8005A2D25 /* Assets.xcassets */ = {isa = PBXFileReference; lastKnownFileType = folder.assetcatalog; path = Assets.xcassets; sourceTree = "<group>"; };
		F42C74932CB5E8E8005A2D25 /* Base */ = {isa = PBXFileReference; lastKnownFileType = file.storyboard; name = Base; path = Base.lproj/LaunchScreen.storyboard; sourceTree = "<group>"; };
		F42C74952CB5E8E8005A2D25 /* Info.plist */ = {isa = PBXFileReference; lastKnownFileType = text.plist.xml; path = Info.plist; sourceTree = "<group>"; };
		F42C74A42CB6A65E005A2D25 /* WikiNetworkManager.swift */ = {isa = PBXFileReference; lastKnownFileType = sourcecode.swift; path = WikiNetworkManager.swift; sourceTree = "<group>"; };
		F42C74A92CB6A73F005A2D25 /* Wiki.swift */ = {isa = PBXFileReference; lastKnownFileType = sourcecode.swift; path = Wiki.swift; sourceTree = "<group>"; };
		F42C74AB2CB6AA3E005A2D25 /* WikiRequest.swift */ = {isa = PBXFileReference; lastKnownFileType = sourcecode.swift; path = WikiRequest.swift; sourceTree = "<group>"; };
		F42C74AD2CB6AAD8005A2D25 /* WikiEndpoint.swift */ = {isa = PBXFileReference; lastKnownFileType = sourcecode.swift; path = WikiEndpoint.swift; sourceTree = "<group>"; };
		F42C74AF2CB6B6F0005A2D25 /* WikiViewModel.swift */ = {isa = PBXFileReference; lastKnownFileType = sourcecode.swift; path = WikiViewModel.swift; sourceTree = "<group>"; };
		F42C74B12CB6B75C005A2D25 /* WikiType.swift */ = {isa = PBXFileReference; lastKnownFileType = sourcecode.swift; path = WikiType.swift; sourceTree = "<group>"; };
		F42C74B52CB6CE23005A2D25 /* WikiLinkCell.swift */ = {isa = PBXFileReference; lastKnownFileType = sourcecode.swift; path = WikiLinkCell.swift; sourceTree = "<group>"; };
/* End PBXFileReference section */

/* Begin PBXFrameworksBuildPhase section */
		F42C74812CB5E8E7005A2D25 /* Frameworks */ = {
			isa = PBXFrameworksBuildPhase;
			buildActionMask = 2147483647;
			files = (
				4226649C16A1E094679578E6 /* Pods_Wiki_Scanner.framework in Frameworks */,
			);
			runOnlyForDeploymentPostprocessing = 0;
		};
/* End PBXFrameworksBuildPhase section */

/* Begin PBXGroup section */
		73F9E9D8171C168361AE6441 /* Frameworks */ = {
			isa = PBXGroup;
			children = (
				6BE799F506CAD3C234D4B97C /* Pods_Wiki_Scanner.framework */,
			);
			name = Frameworks;
			sourceTree = "<group>";
		};
		9957CF229CE59F04BAE69E36 /* Pods */ = {
			isa = PBXGroup;
			children = (
				7B7DC70090F060A8F6F74A59 /* Pods-Wiki_Scanner.debug.xcconfig */,
				09DE39207C0ECC0997D6C5F8 /* Pods-Wiki_Scanner.release.xcconfig */,
			);
			path = Pods;
			sourceTree = "<group>";
		};
		F42C747B2CB5E8E7005A2D25 = {
			isa = PBXGroup;
			children = (
				F42C74862CB5E8E7005A2D25 /* Wiki_Scanner */,
				F42C74852CB5E8E7005A2D25 /* Products */,
				9957CF229CE59F04BAE69E36 /* Pods */,
				73F9E9D8171C168361AE6441 /* Frameworks */,
			);
			sourceTree = "<group>";
		};
		F42C74852CB5E8E7005A2D25 /* Products */ = {
			isa = PBXGroup;
			children = (
				F42C74842CB5E8E7005A2D25 /* Wiki_Scanner.app */,
			);
			name = Products;
			sourceTree = "<group>";
		};
		F42C74862CB5E8E7005A2D25 /* Wiki_Scanner */ = {
			isa = PBXGroup;
			children = (
				F42C74A62CB6A6D3005A2D25 /* App */,
				F42C74A12CB6A640005A2D25 /* Flows */,
				F42C74A72CB6A6E5005A2D25 /* Resources */,
				F42C74A22CB6A644005A2D25 /* Shared */,
			);
			path = Wiki_Scanner;
			sourceTree = "<group>";
		};
		F42C74A12CB6A640005A2D25 /* Flows */ = {
			isa = PBXGroup;
			children = (
				F42C74B32CB6CE0C005A2D25 /* Main */,
			);
			path = Flows;
			sourceTree = "<group>";
		};
		F42C74A22CB6A644005A2D25 /* Shared */ = {
			isa = PBXGroup;
			children = (
				F42C74A82CB6A732005A2D25 /* Models */,
				F42C74A32CB6A64D005A2D25 /* NetworkAPI */,
			);
			path = Shared;
			sourceTree = "<group>";
		};
		F42C74A32CB6A64D005A2D25 /* NetworkAPI */ = {
			isa = PBXGroup;
			children = (
				F42C74A42CB6A65E005A2D25 /* WikiNetworkManager.swift */,
				F42C74AD2CB6AAD8005A2D25 /* WikiEndpoint.swift */,
			);
			path = NetworkAPI;
			sourceTree = "<group>";
		};
		F42C74A62CB6A6D3005A2D25 /* App */ = {
			isa = PBXGroup;
			children = (
				F42C74872CB5E8E7005A2D25 /* AppDelegate.swift */,
				F42C74892CB5E8E7005A2D25 /* SceneDelegate.swift */,
			);
			path = App;
			sourceTree = "<group>";
		};
		F42C74A72CB6A6E5005A2D25 /* Resources */ = {
			isa = PBXGroup;
			children = (
				F42C74902CB5E8E8005A2D25 /* Assets.xcassets */,
				F42C74952CB5E8E8005A2D25 /* Info.plist */,
				F42C74922CB5E8E8005A2D25 /* LaunchScreen.storyboard */,
			);
			path = Resources;
			sourceTree = "<group>";
		};
		F42C74A82CB6A732005A2D25 /* Models */ = {
			isa = PBXGroup;
			children = (
				F42C74A92CB6A73F005A2D25 /* Wiki.swift */,
				F42C74AB2CB6AA3E005A2D25 /* WikiRequest.swift */,
				F42C74B12CB6B75C005A2D25 /* WikiType.swift */,
			);
			path = Models;
			sourceTree = "<group>";
		};
		F42C74B32CB6CE0C005A2D25 /* Main */ = {
			isa = PBXGroup;
			children = (
				F42C74B42CB6CE14005A2D25 /* Cell */,
				F42C748B2CB5E8E7005A2D25 /* WikiViewController.swift */,
				F42C74AF2CB6B6F0005A2D25 /* WikiViewModel.swift */,
			);
			path = Main;
			sourceTree = "<group>";
		};
		F42C74B42CB6CE14005A2D25 /* Cell */ = {
			isa = PBXGroup;
			children = (
				F42C74B52CB6CE23005A2D25 /* WikiLinkCell.swift */,
			);
			path = Cell;
			sourceTree = "<group>";
		};
/* End PBXGroup section */

/* Begin PBXNativeTarget section */
		F42C74832CB5E8E7005A2D25 /* Wiki_Scanner */ = {
			isa = PBXNativeTarget;
			buildConfigurationList = F42C74982CB5E8E8005A2D25 /* Build configuration list for PBXNativeTarget "Wiki_Scanner" */;
			buildPhases = (
				2322BBF68B908FE963E0F6E7 /* [CP] Check Pods Manifest.lock */,
				F42C74802CB5E8E7005A2D25 /* Sources */,
				F42C74812CB5E8E7005A2D25 /* Frameworks */,
				F42C74822CB5E8E7005A2D25 /* Resources */,
				1543955F4EE9D1CCA6F2CF62 /* [CP] Embed Pods Frameworks */,
			);
			buildRules = (
			);
			dependencies = (
			);
			name = Wiki_Scanner;
			productName = Wiki_Scanner;
			productReference = F42C74842CB5E8E7005A2D25 /* Wiki_Scanner.app */;
			productType = "com.apple.product-type.application";
		};
/* End PBXNativeTarget section */

/* Begin PBXProject section */
		F42C747C2CB5E8E7005A2D25 /* Project object */ = {
			isa = PBXProject;
			attributes = {
				BuildIndependentTargetsInParallel = 1;
				LastSwiftUpdateCheck = 1540;
				LastUpgradeCheck = 1540;
				TargetAttributes = {
					F42C74832CB5E8E7005A2D25 = {
						CreatedOnToolsVersion = 15.4;
					};
				};
			};
			buildConfigurationList = F42C747F2CB5E8E7005A2D25 /* Build configuration list for PBXProject "Wiki_Scanner" */;
			compatibilityVersion = "Xcode 14.0";
			developmentRegion = en;
			hasScannedForEncodings = 0;
			knownRegions = (
				en,
				Base,
			);
			mainGroup = F42C747B2CB5E8E7005A2D25;
			productRefGroup = F42C74852CB5E8E7005A2D25 /* Products */;
			projectDirPath = "";
			projectRoot = "";
			targets = (
				F42C74832CB5E8E7005A2D25 /* Wiki_Scanner */,
			);
		};
/* End PBXProject section */

/* Begin PBXResourcesBuildPhase section */
		F42C74822CB5E8E7005A2D25 /* Resources */ = {
			isa = PBXResourcesBuildPhase;
			buildActionMask = 2147483647;
			files = (
				F42C74912CB5E8E8005A2D25 /* Assets.xcassets in Resources */,
				F42C74942CB5E8E8005A2D25 /* Base in Resources */,
			);
			runOnlyForDeploymentPostprocessing = 0;
		};
/* End PBXResourcesBuildPhase section */

/* Begin PBXShellScriptBuildPhase section */
		1543955F4EE9D1CCA6F2CF62 /* [CP] Embed Pods Frameworks */ = {
			isa = PBXShellScriptBuildPhase;
			buildActionMask = 2147483647;
			files = (
			);
			inputFileListPaths = (
				"${PODS_ROOT}/Target Support Files/Pods-Wiki_Scanner/Pods-Wiki_Scanner-frameworks-${CONFIGURATION}-input-files.xcfilelist",
			);
			name = "[CP] Embed Pods Frameworks";
			outputFileListPaths = (
				"${PODS_ROOT}/Target Support Files/Pods-Wiki_Scanner/Pods-Wiki_Scanner-frameworks-${CONFIGURATION}-output-files.xcfilelist",
			);
			runOnlyForDeploymentPostprocessing = 0;
			shellPath = /bin/sh;
			shellScript = "\"${PODS_ROOT}/Target Support Files/Pods-Wiki_Scanner/Pods-Wiki_Scanner-frameworks.sh\"\n";
			showEnvVarsInLog = 0;
		};
		2322BBF68B908FE963E0F6E7 /* [CP] Check Pods Manifest.lock */ = {
			isa = PBXShellScriptBuildPhase;
			buildActionMask = 2147483647;
			files = (
			);
			inputFileListPaths = (
			);
			inputPaths = (
				"${PODS_PODFILE_DIR_PATH}/Podfile.lock",
				"${PODS_ROOT}/Manifest.lock",
			);
			name = "[CP] Check Pods Manifest.lock";
			outputFileListPaths = (
			);
			outputPaths = (
				"$(DERIVED_FILE_DIR)/Pods-Wiki_Scanner-checkManifestLockResult.txt",
			);
			runOnlyForDeploymentPostprocessing = 0;
			shellPath = /bin/sh;
			shellScript = "diff \"${PODS_PODFILE_DIR_PATH}/Podfile.lock\" \"${PODS_ROOT}/Manifest.lock\" > /dev/null\nif [ $? != 0 ] ; then\n    # print error to STDERR\n    echo \"error: The sandbox is not in sync with the Podfile.lock. Run 'pod install' or update your CocoaPods installation.\" >&2\n    exit 1\nfi\n# This output is used by Xcode 'outputs' to avoid re-running this script phase.\necho \"SUCCESS\" > \"${SCRIPT_OUTPUT_FILE_0}\"\n";
			showEnvVarsInLog = 0;
		};
/* End PBXShellScriptBuildPhase section */

/* Begin PBXSourcesBuildPhase section */
		F42C74802CB5E8E7005A2D25 /* Sources */ = {
			isa = PBXSourcesBuildPhase;
			buildActionMask = 2147483647;
			files = (
				F42C74A52CB6A65E005A2D25 /* WikiNetworkManager.swift in Sources */,
				F42C74B62CB6CE23005A2D25 /* WikiLinkCell.swift in Sources */,
				F42C74AA2CB6A73F005A2D25 /* Wiki.swift in Sources */,
				F42C748C2CB5E8E7005A2D25 /* WikiViewController.swift in Sources */,
				F42C74AE2CB6AAD8005A2D25 /* WikiEndpoint.swift in Sources */,
				F42C74882CB5E8E7005A2D25 /* AppDelegate.swift in Sources */,
				F42C748A2CB5E8E7005A2D25 /* SceneDelegate.swift in Sources */,
				F42C74B02CB6B6F0005A2D25 /* WikiViewModel.swift in Sources */,
				F42C74B22CB6B75C005A2D25 /* WikiType.swift in Sources */,
				F42C74AC2CB6AA3E005A2D25 /* WikiRequest.swift in Sources */,
			);
			runOnlyForDeploymentPostprocessing = 0;
		};
/* End PBXSourcesBuildPhase section */

/* Begin PBXVariantGroup section */
		F42C74922CB5E8E8005A2D25 /* LaunchScreen.storyboard */ = {
			isa = PBXVariantGroup;
			children = (
				F42C74932CB5E8E8005A2D25 /* Base */,
			);
			name = LaunchScreen.storyboard;
			sourceTree = "<group>";
		};
/* End PBXVariantGroup section */

/* Begin XCBuildConfiguration section */
		F42C74962CB5E8E8005A2D25 /* Debug */ = {
			isa = XCBuildConfiguration;
			buildSettings = {
				ALWAYS_SEARCH_USER_PATHS = NO;
				ASSETCATALOG_COMPILER_GENERATE_SWIFT_ASSET_SYMBOL_EXTENSIONS = YES;
				CLANG_ANALYZER_NONNULL = YES;
				CLANG_ANALYZER_NUMBER_OBJECT_CONVERSION = YES_AGGRESSIVE;
				CLANG_CXX_LANGUAGE_STANDARD = "gnu++20";
				CLANG_ENABLE_MODULES = YES;
				CLANG_ENABLE_OBJC_ARC = YES;
				CLANG_ENABLE_OBJC_WEAK = YES;
				CLANG_WARN_BLOCK_CAPTURE_AUTORELEASING = YES;
				CLANG_WARN_BOOL_CONVERSION = YES;
				CLANG_WARN_COMMA = YES;
				CLANG_WARN_CONSTANT_CONVERSION = YES;
				CLANG_WARN_DEPRECATED_OBJC_IMPLEMENTATIONS = YES;
				CLANG_WARN_DIRECT_OBJC_ISA_USAGE = YES_ERROR;
				CLANG_WARN_DOCUMENTATION_COMMENTS = YES;
				CLANG_WARN_EMPTY_BODY = YES;
				CLANG_WARN_ENUM_CONVERSION = YES;
				CLANG_WARN_INFINITE_RECURSION = YES;
				CLANG_WARN_INT_CONVERSION = YES;
				CLANG_WARN_NON_LITERAL_NULL_CONVERSION = YES;
				CLANG_WARN_OBJC_IMPLICIT_RETAIN_SELF = YES;
				CLANG_WARN_OBJC_LITERAL_CONVERSION = YES;
				CLANG_WARN_OBJC_ROOT_CLASS = YES_ERROR;
				CLANG_WARN_QUOTED_INCLUDE_IN_FRAMEWORK_HEADER = YES;
				CLANG_WARN_RANGE_LOOP_ANALYSIS = YES;
				CLANG_WARN_STRICT_PROTOTYPES = YES;
				CLANG_WARN_SUSPICIOUS_MOVE = YES;
				CLANG_WARN_UNGUARDED_AVAILABILITY = YES_AGGRESSIVE;
				CLANG_WARN_UNREACHABLE_CODE = YES;
				CLANG_WARN__DUPLICATE_METHOD_MATCH = YES;
				COPY_PHASE_STRIP = NO;
				DEBUG_INFORMATION_FORMAT = dwarf;
				ENABLE_STRICT_OBJC_MSGSEND = YES;
				ENABLE_TESTABILITY = YES;
				ENABLE_USER_SCRIPT_SANDBOXING = YES;
				GCC_C_LANGUAGE_STANDARD = gnu17;
				GCC_DYNAMIC_NO_PIC = NO;
				GCC_NO_COMMON_BLOCKS = YES;
				GCC_OPTIMIZATION_LEVEL = 0;
				GCC_PREPROCESSOR_DEFINITIONS = (
					"DEBUG=1",
					"$(inherited)",
				);
				GCC_WARN_64_TO_32_BIT_CONVERSION = YES;
				GCC_WARN_ABOUT_RETURN_TYPE = YES_ERROR;
				GCC_WARN_UNDECLARED_SELECTOR = YES;
				GCC_WARN_UNINITIALIZED_AUTOS = YES_AGGRESSIVE;
				GCC_WARN_UNUSED_FUNCTION = YES;
				GCC_WARN_UNUSED_VARIABLE = YES;
				IPHONEOS_DEPLOYMENT_TARGET = 17.5;
				LOCALIZATION_PREFERS_STRING_CATALOGS = YES;
				MTL_ENABLE_DEBUG_INFO = INCLUDE_SOURCE;
				MTL_FAST_MATH = YES;
				ONLY_ACTIVE_ARCH = YES;
				SDKROOT = iphoneos;
				SWIFT_ACTIVE_COMPILATION_CONDITIONS = "DEBUG $(inherited)";
				SWIFT_OPTIMIZATION_LEVEL = "-Onone";
			};
			name = Debug;
		};
		F42C74972CB5E8E8005A2D25 /* Release */ = {
			isa = XCBuildConfiguration;
			buildSettings = {
				ALWAYS_SEARCH_USER_PATHS = NO;
				ASSETCATALOG_COMPILER_GENERATE_SWIFT_ASSET_SYMBOL_EXTENSIONS = YES;
				CLANG_ANALYZER_NONNULL = YES;
				CLANG_ANALYZER_NUMBER_OBJECT_CONVERSION = YES_AGGRESSIVE;
				CLANG_CXX_LANGUAGE_STANDARD = "gnu++20";
				CLANG_ENABLE_MODULES = YES;
				CLANG_ENABLE_OBJC_ARC = YES;
				CLANG_ENABLE_OBJC_WEAK = YES;
				CLANG_WARN_BLOCK_CAPTURE_AUTORELEASING = YES;
				CLANG_WARN_BOOL_CONVERSION = YES;
				CLANG_WARN_COMMA = YES;
				CLANG_WARN_CONSTANT_CONVERSION = YES;
				CLANG_WARN_DEPRECATED_OBJC_IMPLEMENTATIONS = YES;
				CLANG_WARN_DIRECT_OBJC_ISA_USAGE = YES_ERROR;
				CLANG_WARN_DOCUMENTATION_COMMENTS = YES;
				CLANG_WARN_EMPTY_BODY = YES;
				CLANG_WARN_ENUM_CONVERSION = YES;
				CLANG_WARN_INFINITE_RECURSION = YES;
				CLANG_WARN_INT_CONVERSION = YES;
				CLANG_WARN_NON_LITERAL_NULL_CONVERSION = YES;
				CLANG_WARN_OBJC_IMPLICIT_RETAIN_SELF = YES;
				CLANG_WARN_OBJC_LITERAL_CONVERSION = YES;
				CLANG_WARN_OBJC_ROOT_CLASS = YES_ERROR;
				CLANG_WARN_QUOTED_INCLUDE_IN_FRAMEWORK_HEADER = YES;
				CLANG_WARN_RANGE_LOOP_ANALYSIS = YES;
				CLANG_WARN_STRICT_PROTOTYPES = YES;
				CLANG_WARN_SUSPICIOUS_MOVE = YES;
				CLANG_WARN_UNGUARDED_AVAILABILITY = YES_AGGRESSIVE;
				CLANG_WARN_UNREACHABLE_CODE = YES;
				CLANG_WARN__DUPLICATE_METHOD_MATCH = YES;
				COPY_PHASE_STRIP = NO;
				DEBUG_INFORMATION_FORMAT = "dwarf-with-dsym";
				ENABLE_NS_ASSERTIONS = NO;
				ENABLE_STRICT_OBJC_MSGSEND = YES;
				ENABLE_USER_SCRIPT_SANDBOXING = YES;
				GCC_C_LANGUAGE_STANDARD = gnu17;
				GCC_NO_COMMON_BLOCKS = YES;
				GCC_WARN_64_TO_32_BIT_CONVERSION = YES;
				GCC_WARN_ABOUT_RETURN_TYPE = YES_ERROR;
				GCC_WARN_UNDECLARED_SELECTOR = YES;
				GCC_WARN_UNINITIALIZED_AUTOS = YES_AGGRESSIVE;
				GCC_WARN_UNUSED_FUNCTION = YES;
				GCC_WARN_UNUSED_VARIABLE = YES;
				IPHONEOS_DEPLOYMENT_TARGET = 17.5;
				LOCALIZATION_PREFERS_STRING_CATALOGS = YES;
				MTL_ENABLE_DEBUG_INFO = NO;
				MTL_FAST_MATH = YES;
				SDKROOT = iphoneos;
				SWIFT_COMPILATION_MODE = wholemodule;
				VALIDATE_PRODUCT = YES;
			};
			name = Release;
		};
		F42C74992CB5E8E8005A2D25 /* Debug */ = {
			isa = XCBuildConfiguration;
			baseConfigurationReference = 7B7DC70090F060A8F6F74A59 /* Pods-Wiki_Scanner.debug.xcconfig */;
			buildSettings = {
				ASSETCATALOG_COMPILER_APPICON_NAME = AppIcon;
				ASSETCATALOG_COMPILER_GLOBAL_ACCENT_COLOR_NAME = AccentColor;
				CODE_SIGN_STYLE = Automatic;
				CURRENT_PROJECT_VERSION = 1;
				DEVELOPMENT_TEAM = GBDSAYFJ49;
				ENABLE_USER_SCRIPT_SANDBOXING = NO;
				GENERATE_INFOPLIST_FILE = YES;
				INFOPLIST_FILE = Wiki_Scanner/Resources/Info.plist;
				INFOPLIST_KEY_UIApplicationSupportsIndirectInputEvents = YES;
				INFOPLIST_KEY_UILaunchStoryboardName = LaunchScreen;
				INFOPLIST_KEY_UISupportedInterfaceOrientations_iPad = "UIInterfaceOrientationPortrait UIInterfaceOrientationPortraitUpsideDown UIInterfaceOrientationLandscapeLeft UIInterfaceOrientationLandscapeRight";
				INFOPLIST_KEY_UISupportedInterfaceOrientations_iPhone = "UIInterfaceOrientationPortrait UIInterfaceOrientationLandscapeLeft UIInterfaceOrientationLandscapeRight";
				LD_RUNPATH_SEARCH_PATHS = (
					"$(inherited)",
					"@executable_path/Frameworks",
				);
				MARKETING_VERSION = 1.0;
				PRODUCT_BUNDLE_IDENTIFIER = "lb.Wiki-Scanner";
				PRODUCT_NAME = "$(TARGET_NAME)";
				SWIFT_EMIT_LOC_STRINGS = YES;
				SWIFT_VERSION = 5.0;
				TARGETED_DEVICE_FAMILY = "1,2";
			};
			name = Debug;
		};
		F42C749A2CB5E8E8005A2D25 /* Release */ = {
			isa = XCBuildConfiguration;
			baseConfigurationReference = 09DE39207C0ECC0997D6C5F8 /* Pods-Wiki_Scanner.release.xcconfig */;
			buildSettings = {
				ASSETCATALOG_COMPILER_APPICON_NAME = AppIcon;
				ASSETCATALOG_COMPILER_GLOBAL_ACCENT_COLOR_NAME = AccentColor;
				CODE_SIGN_STYLE = Automatic;
				CURRENT_PROJECT_VERSION = 1;
				DEVELOPMENT_TEAM = GBDSAYFJ49;
				ENABLE_USER_SCRIPT_SANDBOXING = NO;
				GENERATE_INFOPLIST_FILE = YES;
				INFOPLIST_FILE = Wiki_Scanner/Resources/Info.plist;
				INFOPLIST_KEY_UIApplicationSupportsIndirectInputEvents = YES;
				INFOPLIST_KEY_UILaunchStoryboardName = LaunchScreen;
				INFOPLIST_KEY_UISupportedInterfaceOrientations_iPad = "UIInterfaceOrientationPortrait UIInterfaceOrientationPortraitUpsideDown UIInterfaceOrientationLandscapeLeft UIInterfaceOrientationLandscapeRight";
				INFOPLIST_KEY_UISupportedInterfaceOrientations_iPhone = "UIInterfaceOrientationPortrait UIInterfaceOrientationLandscapeLeft UIInterfaceOrientationLandscapeRight";
				LD_RUNPATH_SEARCH_PATHS = (
					"$(inherited)",
					"@executable_path/Frameworks",
				);
				MARKETING_VERSION = 1.0;
				PRODUCT_BUNDLE_IDENTIFIER = "lb.Wiki-Scanner";
				PRODUCT_NAME = "$(TARGET_NAME)";
				SWIFT_EMIT_LOC_STRINGS = YES;
				SWIFT_VERSION = 5.0;
				TARGETED_DEVICE_FAMILY = "1,2";
			};
			name = Release;
		};
/* End XCBuildConfiguration section */

/* Begin XCConfigurationList section */
		F42C747F2CB5E8E7005A2D25 /* Build configuration list for PBXProject "Wiki_Scanner" */ = {
			isa = XCConfigurationList;
			buildConfigurations = (
				F42C74962CB5E8E8005A2D25 /* Debug */,
				F42C74972CB5E8E8005A2D25 /* Release */,
			);
			defaultConfigurationIsVisible = 0;
			defaultConfigurationName = Release;
		};
		F42C74982CB5E8E8005A2D25 /* Build configuration list for PBXNativeTarget "Wiki_Scanner" */ = {
			isa = XCConfigurationList;
			buildConfigurations = (
				F42C74992CB5E8E8005A2D25 /* Debug */,
				F42C749A2CB5E8E8005A2D25 /* Release */,
			);
			defaultConfigurationIsVisible = 0;
			defaultConfigurationName = Release;
		};
/* End XCConfigurationList section */
	};
	rootObject = F42C747C2CB5E8E7005A2D25 /* Project object */;
}
